
Microsoft Visual Studio Solution File, Format Version 12.00
# Visual Studio 15
VisualStudioVersion = 15.0.27703.2042
MinimumVisualStudioVersion = 10.0.40219.1
Project("{888888A0-9F3D-457C-B088-3A5042F75D52}") = "Sign Language", "Sign Language.pyproj", "{BF9E1111-E66B-4D92-BCD1-BF8C29866836}"
EndProject
Global
	GlobalSection(SolutionConfigurationPlatforms) = preSolution
		Debug|Any CPU = Debug|Any CPU
		Release|Any CPU = Release|Any CPU
	EndGlobalSection
	GlobalSection(ProjectConfigurationPlatforms) = postSolution
		{BF9E1111-E66B-4D92-BCD1-BF8C29866836}.Debug|Any CPU.ActiveCfg = Debug|Any CPU
		{BF9E1111-E66B-4D92-BCD1-BF8C29866836}.Release|Any CPU.ActiveCfg = Release|Any CPU
	EndGlobalSection
	GlobalSection(SolutionProperties) = preSolution
		HideSolutionNode = FALSE
	EndGlobalSection
	GlobalSection(ExtensibilityGlobals) = postSolution
		SolutionGuid = {96EC6A5E-3FD9-4261-83F0-7EBF1B081D44}
	EndGlobalSection
EndGlobal
